
Microsoft Visual Studio Solution File, Format Version 12.00
# Visual Studio Version 16
VisualStudioVersion = 16.0.29911.84
MinimumVisualStudioVersion = 10.0.40219.1
Project("{FAE04EC0-301F-11D3-BF4B-00C04F79EFBC}") = "rimworld-dps-calc", "rimworld-dps-calc\rimworld-dps-calc.csproj", "{FD7ABBE4-7636-44B5-8AD5-4CFB7CE76A4A}"
EndProject
Global
	GlobalSection(SolutionConfigurationPlatforms) = preSolution
		Debug|Any CPU = Debug|Any CPU
		Release|Any CPU = Release|Any CPU
	EndGlobalSection
	GlobalSection(ProjectConfigurationPlatforms) = postSolution
		{FD7ABBE4-7636-44B5-8AD5-4CFB7CE76A4A}.Debug|Any CPU.ActiveCfg = Debug|Any CPU
		{FD7ABBE4-7636-44B5-8AD5-4CFB7CE76A4A}.Debug|Any CPU.Build.0 = Debug|Any CPU
		{FD7ABBE4-7636-44B5-8AD5-4CFB7CE76A4A}.Release|Any CPU.ActiveCfg = Release|Any CPU
		{FD7ABBE4-7636-44B5-8AD5-4CFB7CE76A4A}.Release|Any CPU.Build.0 = Release|Any CPU
	EndGlobalSection
	GlobalSection(SolutionProperties) = preSolution
		HideSolutionNode = FALSE
	EndGlobalSection
	GlobalSection(ExtensibilityGlobals) = postSolution
		SolutionGuid = {C989EDF0-B443-43FB-8E2E-4A959091A1BB}
	EndGlobalSection
EndGlobal
